
Microsoft Visual Studio Solution File, Format Version 12.00
# Visual Studio Version 17
VisualStudioVersion = 17.3.32929.385
MinimumVisualStudioVersion = 10.0.40219.1
Project("{FAE04EC0-301F-11D3-BF4B-00C04F79EFBC}") = "PedidosAtividade", "PedidosAtividade\PedidosAtividade.csproj", "{ABE41F03-CC19-43AA-B900-2FA4F8CD1C90}"
EndProject
Global
	GlobalSection(SolutionConfigurationPlatforms) = preSolution
		Debug|Any CPU = Debug|Any CPU
		Release|Any CPU = Release|Any CPU
	EndGlobalSection
	GlobalSection(ProjectConfigurationPlatforms) = postSolution
		{ABE41F03-CC19-43AA-B900-2FA4F8CD1C90}.Debug|Any CPU.ActiveCfg = Debug|Any CPU
		{ABE41F03-CC19-43AA-B900-2FA4F8CD1C90}.Debug|Any CPU.Build.0 = Debug|Any CPU
		{ABE41F03-CC19-43AA-B900-2FA4F8CD1C90}.Release|Any CPU.ActiveCfg = Release|Any CPU
		{ABE41F03-CC19-43AA-B900-2FA4F8CD1C90}.Release|Any CPU.Build.0 = Release|Any CPU
	EndGlobalSection
	GlobalSection(SolutionProperties) = preSolution
		HideSolutionNode = FALSE
	EndGlobalSection
	GlobalSection(ExtensibilityGlobals) = postSolution
		SolutionGuid = {5EBF19A9-B4AE-412B-B71D-751F9EB624F7}
	EndGlobalSection
EndGlobal
