
Microsoft Visual Studio Solution File, Format Version 12.00
# Visual Studio Version 17
VisualStudioVersion = 17.3.32929.385
MinimumVisualStudioVersion = 10.0.40219.1
Project("{FAE04EC0-301F-11D3-BF4B-00C04F79EFBC}") = "Mod14-TestesIcomparable", "Mod14-TestesIcomparable.csproj", "{D7CAF557-74CB-434C-831C-6A6416D31FEB}"
EndProject
Global
	GlobalSection(SolutionConfigurationPlatforms) = preSolution
		Debug|Any CPU = Debug|Any CPU
		Release|Any CPU = Release|Any CPU
	EndGlobalSection
	GlobalSection(ProjectConfigurationPlatforms) = postSolution
		{D7CAF557-74CB-434C-831C-6A6416D31FEB}.Debug|Any CPU.ActiveCfg = Debug|Any CPU
		{D7CAF557-74CB-434C-831C-6A6416D31FEB}.Debug|Any CPU.Build.0 = Debug|Any CPU
		{D7CAF557-74CB-434C-831C-6A6416D31FEB}.Release|Any CPU.ActiveCfg = Release|Any CPU
		{D7CAF557-74CB-434C-831C-6A6416D31FEB}.Release|Any CPU.Build.0 = Release|Any CPU
	EndGlobalSection
	GlobalSection(SolutionProperties) = preSolution
		HideSolutionNode = FALSE
	EndGlobalSection
	GlobalSection(ExtensibilityGlobals) = postSolution
		SolutionGuid = {15E91CED-2E2A-438D-BB13-DD1E59F2AFAC}
	EndGlobalSection
EndGlobal
