
Microsoft Visual Studio Solution File, Format Version 12.00
# Visual Studio Version 17
VisualStudioVersion = 17.3.32929.385
MinimumVisualStudioVersion = 10.0.40219.1
Project("{FAE04EC0-301F-11D3-BF4B-00C04F79EFBC}") = "Herança e polimorfismo", "Herança e polimorfismo\Herança e polimorfismo.csproj", "{1FD55926-7009-4E97-A159-1DAF60C522D0}"
EndProject
Global
	GlobalSection(SolutionConfigurationPlatforms) = preSolution
		Debug|Any CPU = Debug|Any CPU
		Release|Any CPU = Release|Any CPU
	EndGlobalSection
	GlobalSection(ProjectConfigurationPlatforms) = postSolution
		{1FD55926-7009-4E97-A159-1DAF60C522D0}.Debug|Any CPU.ActiveCfg = Debug|Any CPU
		{1FD55926-7009-4E97-A159-1DAF60C522D0}.Debug|Any CPU.Build.0 = Debug|Any CPU
		{1FD55926-7009-4E97-A159-1DAF60C522D0}.Release|Any CPU.ActiveCfg = Release|Any CPU
		{1FD55926-7009-4E97-A159-1DAF60C522D0}.Release|Any CPU.Build.0 = Release|Any CPU
	EndGlobalSection
	GlobalSection(SolutionProperties) = preSolution
		HideSolutionNode = FALSE
	EndGlobalSection
	GlobalSection(ExtensibilityGlobals) = postSolution
		SolutionGuid = {87919C5F-D329-4961-BB4A-E13040A0CDB0}
	EndGlobalSection
EndGlobal
