
Microsoft Visual Studio Solution File, Format Version 12.00
# Visual Studio Version 17
VisualStudioVersion = 17.3.32929.385
MinimumVisualStudioVersion = 10.0.40219.1
Project("{FAE04EC0-301F-11D3-BF4B-00C04F79EFBC}") = "Trabalhador", "Trabalhador\Trabalhador.csproj", "{65E486B0-25DB-4F09-98FA-7DB74DCC495E}"
EndProject
Global
	GlobalSection(SolutionConfigurationPlatforms) = preSolution
		Debug|Any CPU = Debug|Any CPU
		Release|Any CPU = Release|Any CPU
	EndGlobalSection
	GlobalSection(ProjectConfigurationPlatforms) = postSolution
		{65E486B0-25DB-4F09-98FA-7DB74DCC495E}.Debug|Any CPU.ActiveCfg = Debug|Any CPU
		{65E486B0-25DB-4F09-98FA-7DB74DCC495E}.Debug|Any CPU.Build.0 = Debug|Any CPU
		{65E486B0-25DB-4F09-98FA-7DB74DCC495E}.Release|Any CPU.ActiveCfg = Release|Any CPU
		{65E486B0-25DB-4F09-98FA-7DB74DCC495E}.Release|Any CPU.Build.0 = Release|Any CPU
	EndGlobalSection
	GlobalSection(SolutionProperties) = preSolution
		HideSolutionNode = FALSE
	EndGlobalSection
	GlobalSection(ExtensibilityGlobals) = postSolution
		SolutionGuid = {AE4E0E92-B7ED-4EE2-B791-4653BDF9DB29}
	EndGlobalSection
EndGlobal
