
Microsoft Visual Studio Solution File, Format Version 12.00
# Visual Studio Version 17
VisualStudioVersion = 17.3.32929.385
MinimumVisualStudioVersion = 10.0.40219.1
Project("{FAE04EC0-301F-11D3-BF4B-00C04F79EFBC}") = "Mod14-InterfacePagamentoContrato", "Mod14-InterfacePagamentoContrato.csproj", "{0916C5E2-8CF0-4D1C-8699-D1C982551818}"
EndProject
Global
	GlobalSection(SolutionConfigurationPlatforms) = preSolution
		Debug|Any CPU = Debug|Any CPU
		Release|Any CPU = Release|Any CPU
	EndGlobalSection
	GlobalSection(ProjectConfigurationPlatforms) = postSolution
		{0916C5E2-8CF0-4D1C-8699-D1C982551818}.Debug|Any CPU.ActiveCfg = Debug|Any CPU
		{0916C5E2-8CF0-4D1C-8699-D1C982551818}.Debug|Any CPU.Build.0 = Debug|Any CPU
		{0916C5E2-8CF0-4D1C-8699-D1C982551818}.Release|Any CPU.ActiveCfg = Release|Any CPU
		{0916C5E2-8CF0-4D1C-8699-D1C982551818}.Release|Any CPU.Build.0 = Release|Any CPU
	EndGlobalSection
	GlobalSection(SolutionProperties) = preSolution
		HideSolutionNode = FALSE
	EndGlobalSection
	GlobalSection(ExtensibilityGlobals) = postSolution
		SolutionGuid = {3E05E66E-9A9B-4ABF-86FB-BC65A8C67635}
	EndGlobalSection
EndGlobal
