
Microsoft Visual Studio Solution File, Format Version 12.00
# Visual Studio Version 17
VisualStudioVersion = 17.3.32929.385
MinimumVisualStudioVersion = 10.0.40219.1
Project("{FAE04EC0-301F-11D3-BF4B-00C04F79EFBC}") = "Mod17-TestandoLINQ", "Mod17-TestandoLINQ.csproj", "{ECC4F073-B9F9-41B8-83DB-A42FCA8C4899}"
EndProject
Global
	GlobalSection(SolutionConfigurationPlatforms) = preSolution
		Debug|Any CPU = Debug|Any CPU
		Release|Any CPU = Release|Any CPU
	EndGlobalSection
	GlobalSection(ProjectConfigurationPlatforms) = postSolution
		{ECC4F073-B9F9-41B8-83DB-A42FCA8C4899}.Debug|Any CPU.ActiveCfg = Debug|Any CPU
		{ECC4F073-B9F9-41B8-83DB-A42FCA8C4899}.Debug|Any CPU.Build.0 = Debug|Any CPU
		{ECC4F073-B9F9-41B8-83DB-A42FCA8C4899}.Release|Any CPU.ActiveCfg = Release|Any CPU
		{ECC4F073-B9F9-41B8-83DB-A42FCA8C4899}.Release|Any CPU.Build.0 = Release|Any CPU
	EndGlobalSection
	GlobalSection(SolutionProperties) = preSolution
		HideSolutionNode = FALSE
	EndGlobalSection
	GlobalSection(ExtensibilityGlobals) = postSolution
		SolutionGuid = {311B399F-DF7E-43BF-8F7B-C3F2AD3C0F11}
	EndGlobalSection
EndGlobal
