
Microsoft Visual Studio Solution File, Format Version 12.00
# Visual Studio Version 17
VisualStudioVersion = 17.3.32929.385
MinimumVisualStudioVersion = 10.0.40219.1
Project("{FAE04EC0-301F-11D3-BF4B-00C04F79EFBC}") = "Mod12-JogoTabuleiro", "Mod12-JogoTabuleiro.csproj", "{A82250CC-55DB-4D83-A633-87618F356AD4}"
EndProject
Global
	GlobalSection(SolutionConfigurationPlatforms) = preSolution
		Debug|Any CPU = Debug|Any CPU
		Release|Any CPU = Release|Any CPU
	EndGlobalSection
	GlobalSection(ProjectConfigurationPlatforms) = postSolution
		{A82250CC-55DB-4D83-A633-87618F356AD4}.Debug|Any CPU.ActiveCfg = Debug|Any CPU
		{A82250CC-55DB-4D83-A633-87618F356AD4}.Debug|Any CPU.Build.0 = Debug|Any CPU
		{A82250CC-55DB-4D83-A633-87618F356AD4}.Release|Any CPU.ActiveCfg = Release|Any CPU
		{A82250CC-55DB-4D83-A633-87618F356AD4}.Release|Any CPU.Build.0 = Release|Any CPU
	EndGlobalSection
	GlobalSection(SolutionProperties) = preSolution
		HideSolutionNode = FALSE
	EndGlobalSection
	GlobalSection(ExtensibilityGlobals) = postSolution
		SolutionGuid = {1B363B4B-E43E-4C88-988A-5CD5A3A00D24}
	EndGlobalSection
EndGlobal
