
Microsoft Visual Studio Solution File, Format Version 12.00
# Visual Studio Version 17
VisualStudioVersion = 17.3.32929.385
MinimumVisualStudioVersion = 10.0.40219.1
Project("{FAE04EC0-301F-11D3-BF4B-00C04F79EFBC}") = "Mod15-TestandoGenerics", "Mod15-TestandoGenerics.csproj", "{C5C752D0-68FB-436D-9F1D-5DE00C883E14}"
EndProject
Global
	GlobalSection(SolutionConfigurationPlatforms) = preSolution
		Debug|Any CPU = Debug|Any CPU
		Release|Any CPU = Release|Any CPU
	EndGlobalSection
	GlobalSection(ProjectConfigurationPlatforms) = postSolution
		{C5C752D0-68FB-436D-9F1D-5DE00C883E14}.Debug|Any CPU.ActiveCfg = Debug|Any CPU
		{C5C752D0-68FB-436D-9F1D-5DE00C883E14}.Debug|Any CPU.Build.0 = Debug|Any CPU
		{C5C752D0-68FB-436D-9F1D-5DE00C883E14}.Release|Any CPU.ActiveCfg = Release|Any CPU
		{C5C752D0-68FB-436D-9F1D-5DE00C883E14}.Release|Any CPU.Build.0 = Release|Any CPU
	EndGlobalSection
	GlobalSection(SolutionProperties) = preSolution
		HideSolutionNode = FALSE
	EndGlobalSection
	GlobalSection(ExtensibilityGlobals) = postSolution
		SolutionGuid = {B1CE118D-242E-439D-892E-A90212F69609}
	EndGlobalSection
EndGlobal
